// !$*UTF8*$!
{
	archiveVersion = 1;
	classes = {
	};
	objectVersion = 48;
	objects = {

/* Begin PBXBuildFile section */
		51521414204C45F10038B358 /* AppDelegate.swift in Sources */ = {isa = PBXBuildFile; fileRef = 51521413204C45F10038B358 /* AppDelegate.swift */; };
		51521416204C45F10038B358 /* ViewController.swift in Sources */ = {isa = PBXBuildFile; fileRef = 51521415204C45F10038B358 /* ViewController.swift */; };
		51521419204C45F10038B358 /* Main.storyboard in Resources */ = {isa = PBXBuildFile; fileRef = 51521417204C45F10038B358 /* Main.storyboard */; };
		5152141B204C45F10038B358 /* Assets.xcassets in Resources */ = {isa = PBXBuildFile; fileRef = 5152141A204C45F10038B358 /* Assets.xcassets */; };
		5152141E204C45F10038B358 /* LaunchScreen.storyboard in Resources */ = {isa = PBXBuildFile; fileRef = 5152141C204C45F10038B358 /* LaunchScreen.storyboard */; };
		51521427204C46290038B358 /* WebKit.framework in Frameworks */ = {isa = PBXBuildFile; fileRef = 51521426204C46290038B358 /* WebKit.framework */; };
		860F62CDEA54BCF0CC1D795E /* Pods_Steal_Phone_Number.framework in Frameworks */ = {isa = PBXBuildFile; fileRef = 494AF723832905C6F343D01F /* Pods_Steal_Phone_Number.framework */; };
/* End PBXBuildFile section */

/* Begin PBXFileReference section */
		494AF723832905C6F343D01F /* Pods_Steal_Phone_Number.framework */ = {isa = PBXFileReference; explicitFileType = wrapper.framework; includeInIndex = 0; path = Pods_Steal_Phone_Number.framework; sourceTree = BUILT_PRODUCTS_DIR; };
		51521410204C45F10038B358 /* Steal Phone Number.app */ = {isa = PBXFileReference; explicitFileType = wrapper.application; includeInIndex = 0; path = "Steal Phone Number.app"; sourceTree = BUILT_PRODUCTS_DIR; };
		51521413204C45F10038B358 /* AppDelegate.swift */ = {isa = PBXFileReference; lastKnownFileType = sourcecode.swift; path = AppDelegate.swift; sourceTree = "<group>"; };
		51521415204C45F10038B358 /* ViewController.swift */ = {isa = PBXFileReference; lastKnownFileType = sourcecode.swift; path = ViewController.swift; sourceTree = "<group>"; };
		51521418204C45F10038B358 /* Base */ = {isa = PBXFileReference; lastKnownFileType = file.storyboard; name = Base; path = Base.lproj/Main.storyboard; sourceTree = "<group>"; };
		5152141A204C45F10038B358 /* Assets.xcassets */ = {isa = PBXFileReference; lastKnownFileType = folder.assetcatalog; path = Assets.xcassets; sourceTree = "<group>"; };
		5152141D204C45F10038B358 /* Base */ = {isa = PBXFileReference; lastKnownFileType = file.storyboard; name = Base; path = Base.lproj/LaunchScreen.storyboard; sourceTree = "<group>"; };
		5152141F204C45F10038B358 /* Info.plist */ = {isa = PBXFileReference; lastKnownFileType = text.plist.xml; path = Info.plist; sourceTree = "<group>"; };
		51521426204C46290038B358 /* WebKit.framework */ = {isa = PBXFileReference; lastKnownFileType = wrapper.framework; name = WebKit.framework; path = System/Library/Frameworks/WebKit.framework; sourceTree = SDKROOT; };
		B94D9188C52479BE4AB8004A /* Pods-Steal Phone Number.release.xcconfig */ = {isa = PBXFileReference; includeInIndex = 1; lastKnownFileType = text.xcconfig; name = "Pods-Steal Phone Number.release.xcconfig"; path = "Pods/Target Support Files/Pods-Steal Phone Number/Pods-Steal Phone Number.release.xcconfig"; sourceTree = "<group>"; };
		FEFD91585F9F2DE4ED8F6AC3 /* Pods-Steal Phone Number.debug.xcconfig */ = {isa = PBXFileReference; includeInIndex = 1; lastKnownFileType = text.xcconfig; name = "Pods-Steal Phone Number.debug.xcconfig"; path = "Pods/Target Support Files/Pods-Steal Phone Number/Pods-Steal Phone Number.debug.xcconfig"; sourceTree = "<group>"; };
/* End PBXFileReference section */

/* Begin PBXFrameworksBuildPhase section */
		5152140D204C45F10038B358 /* Frameworks */ = {
			isa = PBXFrameworksBuildPhase;
			buildActionMask = 2147483647;
			files = (
				51521427204C46290038B358 /* WebKit.framework in Frameworks */,
				860F62CDEA54BCF0CC1D795E /* Pods_Steal_Phone_Number.framework in Frameworks */,
			);
			runOnlyForDeploymentPostprocessing = 0;
		};
/* End PBXFrameworksBuildPhase section */

/* Begin PBXGroup section */
		51521407204C45F10038B358 = {
			isa = PBXGroup;
			children = (
				51521412204C45F10038B358 /* Steal Phone Number */,
				51521411204C45F10038B358 /* Products */,
				51521425204C46290038B358 /* Frameworks */,
				F93B582C63CE6B0474D087D2 /* Pods */,
			);
			sourceTree = "<group>";
		};
		51521411204C45F10038B358 /* Products */ = {
			isa = PBXGroup;
			children = (
				51521410204C45F10038B358 /* Steal Phone Number.app */,
			);
			name = Products;
			sourceTree = "<group>";
		};
		51521412204C45F10038B358 /* Steal Phone Number */ = {
			isa = PBXGroup;
			children = (
				51521413204C45F10038B358 /* AppDelegate.swift */,
				51521415204C45F10038B358 /* ViewController.swift */,
				51521417204C45F10038B358 /* Main.storyboard */,
				5152141A204C45F10038B358 /* Assets.xcassets */,
				5152141C204C45F10038B358 /* LaunchScreen.storyboard */,
				5152141F204C45F10038B358 /* Info.plist */,
			);
			path = "Steal Phone Number";
			sourceTree = "<group>";
		};
		51521425204C46290038B358 /* Frameworks */ = {
			isa = PBXGroup;
			children = (
				51521426204C46290038B358 /* WebKit.framework */,
				494AF723832905C6F343D01F /* Pods_Steal_Phone_Number.framework */,
			);
			name = Frameworks;
			sourceTree = "<group>";
		};
		F93B582C63CE6B0474D087D2 /* Pods */ = {
			isa = PBXGroup;
			children = (
				FEFD91585F9F2DE4ED8F6AC3 /* Pods-Steal Phone Number.debug.xcconfig */,
				B94D9188C52479BE4AB8004A /* Pods-Steal Phone Number.release.xcconfig */,
			);
			name = Pods;
			sourceTree = "<group>";
		};
/* End PBXGroup section */

/* Begin PBXNativeTarget section */
		5152140F204C45F10038B358 /* Steal Phone Number */ = {
			isa = PBXNativeTarget;
			buildConfigurationList = 51521422204C45F10038B358 /* Build configuration list for PBXNativeTarget "Steal Phone Number" */;
			buildPhases = (
				9AC9EB941BA810188705B2B7 /* [CP] Check Pods Manifest.lock */,
				5152140C204C45F10038B358 /* Sources */,
				5152140D204C45F10038B358 /* Frameworks */,
				5152140E204C45F10038B358 /* Resources */,
				62A69B67DCCAE518C1987A13 /* [CP] Embed Pods Frameworks */,
				A66F606A022CEC70CE11F923 /* [CP] Copy Pods Resources */,
			);
			buildRules = (
			);
			dependencies = (
			);
			name = "Steal Phone Number";
			productName = "Steal Phone Number";
			productReference = 51521410204C45F10038B358 /* Steal Phone Number.app */;
			productType = "com.apple.product-type.application";
		};
/* End PBXNativeTarget section */

/* Begin PBXProject section */
		51521408204C45F10038B358 /* Project object */ = {
			isa = PBXProject;
			attributes = {
				LastSwiftUpdateCheck = 0920;
				LastUpgradeCheck = 0920;
				ORGANIZATIONNAME = "Frederik Riedel";
				TargetAttributes = {
					5152140F204C45F10038B358 = {
						CreatedOnToolsVersion = 9.2;
						ProvisioningStyle = Automatic;
					};
				};
			};
			buildConfigurationList = 5152140B204C45F10038B358 /* Build configuration list for PBXProject "Steal Phone Number" */;
			compatibilityVersion = "Xcode 8.0";
			developmentRegion = en;
			hasScannedForEncodings = 0;
			knownRegions = (
				en,
				Base,
			);
			mainGroup = 51521407204C45F10038B358;
			productRefGroup = 51521411204C45F10038B358 /* Products */;
			projectDirPath = "";
			projectRoot = "";
			targets = (
				5152140F204C45F10038B358 /* Steal Phone Number */,
			);
		};
/* End PBXProject section */

/* Begin PBXResourcesBuildPhase section */
		5152140E204C45F10038B358 /* Resources */ = {
			isa = PBXResourcesBuildPhase;
			buildActionMask = 2147483647;
			files = (
				5152141E204C45F10038B358 /* LaunchScreen.storyboard in Resources */,
				5152141B204C45F10038B358 /* Assets.xcassets in Resources */,
				51521419204C45F10038B358 /* Main.storyboard in Resources */,
			);
			runOnlyForDeploymentPostprocessing = 0;
		};
/* End PBXResourcesBuildPhase section */

/* Begin PBXShellScriptBuildPhase section */
		62A69B67DCCAE518C1987A13 /* [CP] Embed Pods Frameworks */ = {
			isa = PBXShellScriptBuildPhase;
			buildActionMask = 2147483647;
			files = (
			);
			inputPaths = (
				"${SRCROOT}/Pods/Target Support Files/Pods-Steal Phone Number/Pods-Steal Phone Number-frameworks.sh",
				"${BUILT_PRODUCTS_DIR}/SwiftSoup/SwiftSoup.framework",
			);
			name = "[CP] Embed Pods Frameworks";
			outputPaths = (
				"${TARGET_BUILD_DIR}/${FRAMEWORKS_FOLDER_PATH}/SwiftSoup.framework",
			);
			runOnlyForDeploymentPostprocessing = 0;
			shellPath = /bin/sh;
			shellScript = "\"${SRCROOT}/Pods/Target Support Files/Pods-Steal Phone Number/Pods-Steal Phone Number-frameworks.sh\"\n";
			showEnvVarsInLog = 0;
		};
		9AC9EB941BA810188705B2B7 /* [CP] Check Pods Manifest.lock */ = {
			isa = PBXShellScriptBuildPhase;
			buildActionMask = 2147483647;
			files = (
			);
			inputPaths = (
				"${PODS_PODFILE_DIR_PATH}/Podfile.lock",
				"${PODS_ROOT}/Manifest.lock",
			);
			name = "[CP] Check Pods Manifest.lock";
			outputPaths = (
				"$(DERIVED_FILE_DIR)/Pods-Steal Phone Number-checkManifestLockResult.txt",
			);
			runOnlyForDeploymentPostprocessing = 0;
			shellPath = /bin/sh;
			shellScript = "diff \"${PODS_PODFILE_DIR_PATH}/Podfile.lock\" \"${PODS_ROOT}/Manifest.lock\" > /dev/null\nif [ $? != 0 ] ; then\n    # print error to STDERR\n    echo \"error: The sandbox is not in sync with the Podfile.lock. Run 'pod install' or update your CocoaPods installation.\" >&2\n    exit 1\nfi\n# This output is used by Xcode 'outputs' to avoid re-running this script phase.\necho \"SUCCESS\" > \"${SCRIPT_OUTPUT_FILE_0}\"\n";
			showEnvVarsInLog = 0;
		};
		A66F606A022CEC70CE11F923 /* [CP] Copy Pods Resources */ = {
			isa = PBXShellScriptBuildPhase;
			buildActionMask = 2147483647;
			files = (
			);
			inputPaths = (
			);
			name = "[CP] Copy Pods Resources";
			outputPaths = (
			);
			runOnlyForDeploymentPostprocessing = 0;
			shellPath = /bin/sh;
			shellScript = "\"${SRCROOT}/Pods/Target Support Files/Pods-Steal Phone Number/Pods-Steal Phone Number-resources.sh\"\n";
			showEnvVarsInLog = 0;
		};
/* End PBXShellScriptBuildPhase section */

/* Begin PBXSourcesBuildPhase section */
		5152140C204C45F10038B358 /* Sources */ = {
			isa = PBXSourcesBuildPhase;
			buildActionMask = 2147483647;
			files = (
				51521416204C45F10038B358 /* ViewController.swift in Sources */,
				51521414204C45F10038B358 /* AppDelegate.swift in Sources */,
			);
			runOnlyForDeploymentPostprocessing = 0;
		};
/* End PBXSourcesBuildPhase section */

/* Begin PBXVariantGroup section */
		51521417204C45F10038B358 /* Main.storyboard */ = {
			isa = PBXVariantGroup;
			children = (
				51521418204C45F10038B358 /* Base */,
			);
			name = Main.storyboard;
			sourceTree = "<group>";
		};
		5152141C204C45F10038B358 /* LaunchScreen.storyboard */ = {
			isa = PBXVariantGroup;
			children = (
				5152141D204C45F10038B358 /* Base */,
			);
			name = LaunchScreen.storyboard;
			sourceTree = "<group>";
		};
/* End PBXVariantGroup section */

/* Begin XCBuildConfiguration section */
		51521420204C45F10038B358 /* Debug */ = {
			isa = XCBuildConfiguration;
			buildSettings = {
				ALWAYS_SEARCH_USER_PATHS = NO;
				CLANG_ANALYZER_NONNULL = YES;
				CLANG_ANALYZER_NUMBER_OBJECT_CONVERSION = YES_AGGRESSIVE;
				CLANG_CXX_LANGUAGE_STANDARD = "gnu++14";
				CLANG_CXX_LIBRARY = "libc++";
				CLANG_ENABLE_MODULES = YES;
				CLANG_ENABLE_OBJC_ARC = YES;
				CLANG_WARN_BLOCK_CAPTURE_AUTORELEASING = YES;
				CLANG_WARN_BOOL_CONVERSION = YES;
				CLANG_WARN_COMMA = YES;
				CLANG_WARN_CONSTANT_CONVERSION = YES;
				CLANG_WARN_DIRECT_OBJC_ISA_USAGE = YES_ERROR;
				CLANG_WARN_DOCUMENTATION_COMMENTS = YES;
				CLANG_WARN_EMPTY_BODY = YES;
				CLANG_WARN_ENUM_CONVERSION = YES;
				CLANG_WARN_INFINITE_RECURSION = YES;
				CLANG_WARN_INT_CONVERSION = YES;
				CLANG_WARN_NON_LITERAL_NULL_CONVERSION = YES;
				CLANG_WARN_OBJC_LITERAL_CONVERSION = YES;
				CLANG_WARN_OBJC_ROOT_CLASS = YES_ERROR;
				CLANG_WARN_RANGE_LOOP_ANALYSIS = YES;
				CLANG_WARN_STRICT_PROTOTYPES = YES;
				CLANG_WARN_SUSPICIOUS_MOVE = YES;
				CLANG_WARN_UNGUARDED_AVAILABILITY = YES_AGGRESSIVE;
				CLANG_WARN_UNREACHABLE_CODE = YES;
				CLANG_WARN__DUPLICATE_METHOD_MATCH = YES;
				CODE_SIGN_IDENTITY = "iPhone Developer";
				COPY_PHASE_STRIP = NO;
				DEBUG_INFORMATION_FORMAT = dwarf;
				ENABLE_STRICT_OBJC_MSGSEND = YES;
				ENABLE_TESTABILITY = YES;
				GCC_C_LANGUAGE_STANDARD = gnu11;
				GCC_DYNAMIC_NO_PIC = NO;
				GCC_NO_COMMON_BLOCKS = YES;
				GCC_OPTIMIZATION_LEVEL = 0;
				GCC_PREPROCESSOR_DEFINITIONS = (
					"DEBUG=1",
					"$(inherited)",
				);
				GCC_WARN_64_TO_32_BIT_CONVERSION = YES;
				GCC_WARN_ABOUT_RETURN_TYPE = YES_ERROR;
				GCC_WARN_UNDECLARED_SELECTOR = YES;
				GCC_WARN_UNINITIALIZED_AUTOS = YES_AGGRESSIVE;
				GCC_WARN_UNUSED_FUNCTION = YES;
				GCC_WARN_UNUSED_VARIABLE = YES;
				IPHONEOS_DEPLOYMENT_TARGET = 11.2;
				MTL_ENABLE_DEBUG_INFO = YES;
				ONLY_ACTIVE_ARCH = YES;
				SDKROOT = iphoneos;
				SWIFT_ACTIVE_COMPILATION_CONDITIONS = DEBUG;
				SWIFT_OPTIMIZATION_LEVEL = "-Onone";
			};
			name = Debug;
		};
		51521421204C45F10038B358 /* Release */ = {
			isa = XCBuildConfiguration;
			buildSettings = {
				ALWAYS_SEARCH_USER_PATHS = NO;
				CLANG_ANALYZER_NONNULL = YES;
				CLANG_ANALYZER_NUMBER_OBJECT_CONVERSION = YES_AGGRESSIVE;
				CLANG_CXX_LANGUAGE_STANDARD = "gnu++14";
				CLANG_CXX_LIBRARY = "libc++";
				CLANG_ENABLE_MODULES = YES;
				CLANG_ENABLE_OBJC_ARC = YES;
				CLANG_WARN_BLOCK_CAPTURE_AUTORELEASING = YES;
				CLANG_WARN_BOOL_CONVERSION = YES;
				CLANG_WARN_COMMA = YES;
				CLANG_WARN_CONSTANT_CONVERSION = YES;
				CLANG_WARN_DIRECT_OBJC_ISA_USAGE = YES_ERROR;
				CLANG_WARN_DOCUMENTATION_COMMENTS = YES;
				CLANG_WARN_EMPTY_BODY = YES;
				CLANG_WARN_ENUM_CONVERSION = YES;
				CLANG_WARN_INFINITE_RECURSION = YES;
				CLANG_WARN_INT_CONVERSION = YES;
				CLANG_WARN_NON_LITERAL_NULL_CONVERSION = YES;
				CLANG_WARN_OBJC_LITERAL_CONVERSION = YES;
				CLANG_WARN_OBJC_ROOT_CLASS = YES_ERROR;
				CLANG_WARN_RANGE_LOOP_ANALYSIS = YES;
				CLANG_WARN_STRICT_PROTOTYPES = YES;
				CLANG_WARN_SUSPICIOUS_MOVE = YES;
				CLANG_WARN_UNGUARDED_AVAILABILITY = YES_AGGRESSIVE;
				CLANG_WARN_UNREACHABLE_CODE = YES;
				CLANG_WARN__DUPLICATE_METHOD_MATCH = YES;
				CODE_SIGN_IDENTITY = "iPhone Developer";
				COPY_PHASE_STRIP = NO;
				DEBUG_INFORMATION_FORMAT = "dwarf-with-dsym";
				ENABLE_NS_ASSERTIONS = NO;
				ENABLE_STRICT_OBJC_MSGSEND = YES;
				GCC_C_LANGUAGE_STANDARD = gnu11;
				GCC_NO_COMMON_BLOCKS = YES;
				GCC_WARN_64_TO_32_BIT_CONVERSION = YES;
				GCC_WARN_ABOUT_RETURN_TYPE = YES_ERROR;
				GCC_WARN_UNDECLARED_SELECTOR = YES;
				GCC_WARN_UNINITIALIZED_AUTOS = YES_AGGRESSIVE;
				GCC_WARN_UNUSED_FUNCTION = YES;
				GCC_WARN_UNUSED_VARIABLE = YES;
				IPHONEOS_DEPLOYMENT_TARGET = 11.2;
				MTL_ENABLE_DEBUG_INFO = NO;
				SDKROOT = iphoneos;
				SWIFT_OPTIMIZATION_LEVEL = "-Owholemodule";
				VALIDATE_PRODUCT = YES;
			};
			name = Release;
		};
		51521423204C45F10038B358 /* Debug */ = {
			isa = XCBuildConfiguration;
			baseConfigurationReference = FEFD91585F9F2DE4ED8F6AC3 /* Pods-Steal Phone Number.debug.xcconfig */;
			buildSettings = {
				ASSETCATALOG_COMPILER_APPICON_NAME = AppIcon;
				CODE_SIGN_STYLE = Automatic;
				DEVELOPMENT_TEAM = 52U6XAJSSF;
				INFOPLIST_FILE = "Steal Phone Number/Info.plist";
				LD_RUNPATH_SEARCH_PATHS = "$(inherited) @executable_path/Frameworks";
				PRODUCT_BUNDLE_IDENTIFIER = "wtf.riedel.Steal-Phone-Number";
				PRODUCT_NAME = "$(TARGET_NAME)";
				SWIFT_VERSION = 4.0;
				TARGETED_DEVICE_FAMILY = "1,2";
			};
			name = Debug;
		};
		51521424204C45F10038B358 /* Release */ = {
			isa = XCBuildConfiguration;
			baseConfigurationReference = B94D9188C52479BE4AB8004A /* Pods-Steal Phone Number.release.xcconfig */;
			buildSettings = {
				ASSETCATALOG_COMPILER_APPICON_NAME = AppIcon;
				CODE_SIGN_STYLE = Automatic;
				DEVELOPMENT_TEAM = 52U6XAJSSF;
				INFOPLIST_FILE = "Steal Phone Number/Info.plist";
				LD_RUNPATH_SEARCH_PATHS = "$(inherited) @executable_path/Frameworks";
				PRODUCT_BUNDLE_IDENTIFIER = "wtf.riedel.Steal-Phone-Number";
				PRODUCT_NAME = "$(TARGET_NAME)";
				SWIFT_VERSION = 4.0;
				TARGETED_DEVICE_FAMILY = "1,2";
			};
			name = Release;
		};
/* End XCBuildConfiguration section */

/* Begin XCConfigurationList section */
		5152140B204C45F10038B358 /* Build configuration list for PBXProject "Steal Phone Number" */ = {
			isa = XCConfigurationList;
			buildConfigurations = (
				51521420204C45F10038B358 /* Debug */,
				51521421204C45F10038B358 /* Release */,
			);
			defaultConfigurationIsVisible = 0;
			defaultConfigurationName = Release;
		};
		51521422204C45F10038B358 /* Build configuration list for PBXNativeTarget "Steal Phone Number" */ = {
			isa = XCConfigurationList;
			buildConfigurations = (
				51521423204C45F10038B358 /* Debug */,
				51521424204C45F10038B358 /* Release */,
			);
			defaultConfigurationIsVisible = 0;
			defaultConfigurationName = Release;
		};
/* End XCConfigurationList section */
	};
	rootObject = 51521408204C45F10038B358 /* Project object */;
}
